hash: 4d044d43cc661d2375419f5662ea48e25275b5807dd756ecda517ddf5fb56111
updated: 2016-10-13T18:18:54.440955713+09:00
imports:
- name: github.com/sclevine/agouti
  version: 1b7bab9e087ad475174a2c1568d0f4680dc01fe1
- name: golang.org/x/net
  version: 1358eff22f0dd0c54fc521042cc607f6ff4b531a
  subpackages:
  - context
testImports: []
