# This file is autogenerated, do not edit; changes may be undone by the next 'dep ensure'.


[[projects]]
  name = "github.com/gorilla/context"
  packages = ["."]
  revision = "08b5f424b9271eedf6f9f0ce86cb9396ed337a42"
  version = "v1.1.1"

[[projects]]
  name = "github.com/gorilla/mux"
  packages = ["."]
  revision = "e3702bed27f0d39777b0b37b664b6280e8ef8fbf"
  version = "v1.6.2"

[[projects]]
  name = "github.com/jinzhu/gorm"
  packages = ["."]
  revision = "23abd03a95a16de0ef2d559979ead26b2a3cce66"

[[projects]]
  name = "github.com/jinzhu/inflection"
  packages = ["."]
  revision = "1c35d901db3da928c72a72d8458480cc9ade058f"

[[projects]]
  name = "github.com/mattn/go-sqlite3"
  packages = ["."]
  revision = "8ecd77c707d698b39fbcf76e4e8d08f284c8307f"

[[projects]]
  name = "github.com/sclevine/agouti"
  packages = [
    ".",
    "api",
    "api/internal/bus",
    "api/internal/service",
    "internal/element",
    "internal/target"
  ]
  revision = "da6ce95d89acab048b648c71fb45b57622d3457e"

[[projects]]
  name = "github.com/shogo82148/go-sql-proxy"
  packages = ["."]
  revision = "b9548ad1f2b842e06d24042175aac0c5a193f081"

[[projects]]
  name = "golang.org/x/net"
  packages = ["context"]
  revision = "007e530097ad7f954752df63046b4036f98ba6a6"

[[projects]]
  name = "golang.org/x/sync"
  packages = ["errgroup"]
  revision = "450f422ab23cf9881c94e2db30cac0eb1b7cf80c"

[solve-meta]
  analyzer-name = "dep"
  analyzer-version = 1
  inputs-digest = "1fd6a6c3ff7b2f11aa74ad5e366ac9df862aaff750f04c01334fc78bc0dbdb91"
  solver-name = "gps-cdcl"
  solver-version = 1
