# This file is autogenerated, do not edit; changes may be undone by the next 'dep ensure'.


[[projects]]
  digest = "1:2209584c0f7c9b68c23374e659357ab546e1b70eec2761f03280f69a8fd23d77"
  name = "github.com/cenkalti/backoff"
  packages = ["."]
  pruneopts = "UT"
  revision = "2ea60e5f094469f9e65adb9cd103795b73ae743e"
  version = "v2.0.0"

[[projects]]
  digest = "1:c79fb010be38a59d657c48c6ba1d003a8aa651fa56b579d959d74573b7dff8e1"
  name = "github.com/gorilla/context"
  packages = ["."]
  pruneopts = "UT"
  revision = "08b5f424b9271eedf6f9f0ce86cb9396ed337a42"
  version = "v1.1.1"

[[projects]]
  digest = "1:e73f5b0152105f18bc131fba127d9949305c8693f8a762588a82a48f61756f5f"
  name = "github.com/gorilla/mux"
  packages = ["."]
  pruneopts = "UT"
  revision = "e3702bed27f0d39777b0b37b664b6280e8ef8fbf"
  version = "v1.6.2"

[[projects]]
  digest = "1:e51de6f4f62dfd2ae225a0ae07bc69833efac59e2391ebd8e358ee56c27568fe"
  name = "github.com/jinzhu/gorm"
  packages = ["."]
  pruneopts = "UT"
  revision = "23abd03a95a16de0ef2d559979ead26b2a3cce66"

[[projects]]
  digest = "1:2cf1e05311b662e68d938f6655c6c5a44ae0e6b3995e390c75fcd8224afa48df"
  name = "github.com/jinzhu/inflection"
  packages = ["."]
  pruneopts = "UT"
  revision = "1c35d901db3da928c72a72d8458480cc9ade058f"

[[projects]]
  digest = "1:fc454cd13b1ea6b9f754b6398735f243592af9358d50e33c4b6b43d6be1d8e34"
  name = "github.com/mattn/go-sqlite3"
  packages = ["."]
  pruneopts = "UT"
  revision = "8ecd77c707d698b39fbcf76e4e8d08f284c8307f"

[[projects]]
  digest = "1:566f3650e4d107a3fc1c7e1a6f42453ea81cfec219e9b650e1988678fc9265f4"
  name = "github.com/sclevine/agouti"
  packages = [
    ".",
    "api",
    "api/internal/bus",
    "api/internal/service",
    "internal/element",
    "internal/target",
  ]
  pruneopts = "UT"
  revision = "da6ce95d89acab048b648c71fb45b57622d3457e"

[[projects]]
  digest = "1:00dbb45dd1c6ab2a14a6906c6269bbccb5999d29b8e446b255442f5d83523fc3"
  name = "github.com/shogo82148/go-sql-proxy"
  packages = ["."]
  pruneopts = "UT"
  revision = "b9548ad1f2b842e06d24042175aac0c5a193f081"

[[projects]]
  digest = "1:137a07d176f06db21c807d085339244f6a58ddac7d4f2fe5607a39392a2dcb5a"
  name = "golang.org/x/net"
  packages = ["context"]
  pruneopts = "UT"
  revision = "007e530097ad7f954752df63046b4036f98ba6a6"

[[projects]]
  digest = "1:39ebcc2b11457b703ae9ee2e8cca0f68df21969c6102cb3b705f76cca0ea0239"
  name = "golang.org/x/sync"
  packages = ["errgroup"]
  pruneopts = "UT"
  revision = "450f422ab23cf9881c94e2db30cac0eb1b7cf80c"

[solve-meta]
  analyzer-name = "dep"
  analyzer-version = 1
  input-imports = [
    "github.com/cenkalti/backoff",
    "github.com/gorilla/mux",
    "github.com/jinzhu/gorm",
    "github.com/mattn/go-sqlite3",
    "github.com/sclevine/agouti",
    "github.com/shogo82148/go-sql-proxy",
    "golang.org/x/net/context",
    "golang.org/x/sync/errgroup",
  ]
  solver-name = "gps-cdcl"
  solver-version = 1
